<?xml version="1.0" encoding="utf-8"?>
<Project ToolsVersion="4.0" xmlns="http://schemas.microsoft.com/developer/msbuild/2003">
  <ItemGroup>
    <Filter Include="CodeGen">
      <UniqueIdentifier>{DA517433-4631-F3CE-4F49-7EA5BBA75930}</UniqueIdentifier>
    </Filter>
    <Filter Include="SemanticAnalysis">
      <UniqueIdentifier>{1DE70191-09E0-20E3-3212-06681E6A00EF}</UniqueIdentifier>
    </Filter>
    <Filter Include="SyntaxAnalysis">
      <UniqueIdentifier>{90927659-7C60-6A5F-65F4-DA85516146C4}</UniqueIdentifier>
    </Filter>
  </ItemGroup>
  <ItemGroup>
    <ClInclude Include="src\Overcast\CodeGen\CGEngine.h">
      <Filter>CodeGen</Filter>
    </ClInclude>
    <ClInclude Include="src\Overcast\SemanticAnalysis\binder.h">
      <Filter>SemanticAnalysis</Filter>
    </ClInclude>
    <ClInclude Include="src\Overcast\SyntaxAnalysis\expressions.h">
      <Filter>SyntaxAnalysis</Filter>
    </ClInclude>
    <ClInclude Include="src\Overcast\SyntaxAnalysis\parser.h">
      <Filter>SyntaxAnalysis</Filter>
    </ClInclude>
    <ClInclude Include="src\Overcast\SyntaxAnalysis\statements.h">
      <Filter>SyntaxAnalysis</Filter>
    </ClInclude>
    <ClInclude Include="src\Overcast\SyntaxAnalysis\types.h">
      <Filter>SyntaxAnalysis</Filter>
    </ClInclude>
    <ClInclude Include="src\Overcast\lexer.h" />
    <ClInclude Include="src\Overcast\ocpch.h" />
    <ClInclude Include="src\Overcast\ocutils.h" />
    <ClInclude Include="src\Overcast\ProjectSystem\toml.hpp" />
    <ClInclude Include="src\Overcast\ProjectSystem\project_system.h" />
  </ItemGroup>
  <ItemGroup>
    <ClCompile Include="src\Overcast\CodeGen\CGEngine.cc">
      <Filter>CodeGen</Filter>
    </ClCompile>
    <ClCompile Include="src\Overcast\SemanticAnalysis\binder.cc">
      <Filter>SemanticAnalysis</Filter>
    </ClCompile>
    <ClCompile Include="src\Overcast\SyntaxAnalysis\parser.cc">
      <Filter>SyntaxAnalysis</Filter>
    </ClCompile>
    <ClCompile Include="src\Overcast\SyntaxAnalysis\types.cc">
      <Filter>SyntaxAnalysis</Filter>
    </ClCompile>
    <ClCompile Include="src\Overcast\lexer.cc" />
    <ClCompile Include="src\Overcast\main.cc" />
    <ClCompile Include="src\Overcast\ocpch.cc" />
    <ClCompile Include="src\Overcast\ProjectSystem\project_system.cpp" />
  </ItemGroup>
</Project>